
Microsoft Visual Studio Solution File, Format Version 12.00
# Visual Studio Version 17
VisualStudioVersion = 17.9.34616.47
MinimumVisualStudioVersion = 10.0.40219.1
Project("{FAE04EC0-301F-11D3-BF4B-00C04F79EFBC}") = "ADO_NET_First", "ADO_NET_First\ADO_NET_First.csproj", "{E4F11E7C-F470-48B0-A878-B102BD116FB3}"
EndProject
Project("{FAE04EC0-301F-11D3-BF4B-00C04F79EFBC}") = "Data", "Data\Data.csproj", "{EAADA554-8AF9-40B8-B4A1-799BF42181CE}"
EndProject
Global
	GlobalSection(SolutionConfigurationPlatforms) = preSolution
		Debug|Any CPU = Debug|Any CPU
		Release|Any CPU = Release|Any CPU
	EndGlobalSection
	GlobalSection(ProjectConfigurationPlatforms) = postSolution
		{E4F11E7C-F470-48B0-A878-B102BD116FB3}.Debug|Any CPU.ActiveCfg = Debug|Any CPU
		{E4F11E7C-F470-48B0-A878-B102BD116FB3}.Debug|Any CPU.Build.0 = Debug|Any CPU
		{E4F11E7C-F470-48B0-A878-B102BD116FB3}.Release|Any CPU.ActiveCfg = Release|Any CPU
		{E4F11E7C-F470-48B0-A878-B102BD116FB3}.Release|Any CPU.Build.0 = Release|Any CPU
		{EAADA554-8AF9-40B8-B4A1-799BF42181CE}.Debug|Any CPU.ActiveCfg = Debug|Any CPU
		{EAADA554-8AF9-40B8-B4A1-799BF42181CE}.Debug|Any CPU.Build.0 = Debug|Any CPU
		{EAADA554-8AF9-40B8-B4A1-799BF42181CE}.Release|Any CPU.ActiveCfg = Release|Any CPU
		{EAADA554-8AF9-40B8-B4A1-799BF42181CE}.Release|Any CPU.Build.0 = Release|Any CPU
	EndGlobalSection
	GlobalSection(SolutionProperties) = preSolution
		HideSolutionNode = FALSE
	EndGlobalSection
	GlobalSection(ExtensibilityGlobals) = postSolution
		SolutionGuid = {F641A48F-3CB1-46B0-AE05-35B1C8CF18B3}
	EndGlobalSection
EndGlobal
